
Microsoft Visual Studio Solution File, Format Version 12.00
# Visual Studio Version 17
VisualStudioVersion = 17.10.34928.147
MinimumVisualStudioVersion = 10.0.40219.1
Project("{9A19103F-16F7-4668-BE54-9A1E7A4F7556}") = "WebAPI", "WebAPI\WebAPI.csproj", "{BD2E7398-FC81-4028-B7DD-3B674823B86C}"
EndProject
Project("{9A19103F-16F7-4668-BE54-9A1E7A4F7556}") = "WebApp", "WebApp\WebApp.csproj", "{75227FDA-77EB-4703-8823-ADCD48159EB4}"
EndProject
Project("{9A19103F-16F7-4668-BE54-9A1E7A4F7556}") = "WPF", "WPF\WPF.csproj", "{CE3080BA-009A-4BF7-9C9D-046A46A08F8C}"
EndProject
Project("{9A19103F-16F7-4668-BE54-9A1E7A4F7556}") = "UnitTestProject", "UnitTestProject\UnitTestProject.csproj", "{09825330-8CF5-4D04-AEC2-929A90314EAC}"
EndProject
Global
	GlobalSection(SolutionConfigurationPlatforms) = preSolution
		Debug|Any CPU = Debug|Any CPU
		Release|Any CPU = Release|Any CPU
	EndGlobalSection
	GlobalSection(ProjectConfigurationPlatforms) = postSolution
		{BD2E7398-FC81-4028-B7DD-3B674823B86C}.Debug|Any CPU.ActiveCfg = Debug|Any CPU
		{BD2E7398-FC81-4028-B7DD-3B674823B86C}.Debug|Any CPU.Build.0 = Debug|Any CPU
		{BD2E7398-FC81-4028-B7DD-3B674823B86C}.Release|Any CPU.ActiveCfg = Release|Any CPU
		{BD2E7398-FC81-4028-B7DD-3B674823B86C}.Release|Any CPU.Build.0 = Release|Any CPU
		{75227FDA-77EB-4703-8823-ADCD48159EB4}.Debug|Any CPU.ActiveCfg = Debug|Any CPU
		{75227FDA-77EB-4703-8823-ADCD48159EB4}.Debug|Any CPU.Build.0 = Debug|Any CPU
		{75227FDA-77EB-4703-8823-ADCD48159EB4}.Release|Any CPU.ActiveCfg = Release|Any CPU
		{75227FDA-77EB-4703-8823-ADCD48159EB4}.Release|Any CPU.Build.0 = Release|Any CPU
		{CE3080BA-009A-4BF7-9C9D-046A46A08F8C}.Debug|Any CPU.ActiveCfg = Debug|Any CPU
		{CE3080BA-009A-4BF7-9C9D-046A46A08F8C}.Debug|Any CPU.Build.0 = Debug|Any CPU
		{CE3080BA-009A-4BF7-9C9D-046A46A08F8C}.Release|Any CPU.ActiveCfg = Release|Any CPU
		{CE3080BA-009A-4BF7-9C9D-046A46A08F8C}.Release|Any CPU.Build.0 = Release|Any CPU
		{09825330-8CF5-4D04-AEC2-929A90314EAC}.Debug|Any CPU.ActiveCfg = Debug|Any CPU
		{09825330-8CF5-4D04-AEC2-929A90314EAC}.Debug|Any CPU.Build.0 = Debug|Any CPU
		{09825330-8CF5-4D04-AEC2-929A90314EAC}.Release|Any CPU.ActiveCfg = Release|Any CPU
		{09825330-8CF5-4D04-AEC2-929A90314EAC}.Release|Any CPU.Build.0 = Release|Any CPU
	EndGlobalSection
	GlobalSection(SolutionProperties) = preSolution
		HideSolutionNode = FALSE
	EndGlobalSection
	GlobalSection(ExtensibilityGlobals) = postSolution
		SolutionGuid = {A67D2403-C15C-4BA3-848C-6430C8D830B5}
	EndGlobalSection
EndGlobal
