
Microsoft Visual Studio Solution File, Format Version 12.00
# Visual Studio Version 17
VisualStudioVersion = 17.10.34928.147
MinimumVisualStudioVersion = 10.0.40219.1
Project("{FAE04EC0-301F-11D3-BF4B-00C04F79EFBC}") = "WebAPI", "WebAPI\WebAPI.csproj", "{BD2E7398-FC81-4028-B7DD-3B674823B86C}"
EndProject
Project("{FAE04EC0-301F-11D3-BF4B-00C04F79EFBC}") = "BL", "BL\BL.csproj", "{22261577-7806-490C-B35A-C1547D25433D}"
EndProject
Project("{FAE04EC0-301F-11D3-BF4B-00C04F79EFBC}") = "WPF", "WPF\WPF.csproj", "{55085A73-8B6E-45C2-AFC6-7A147BFF17E7}"
EndProject
Global
	GlobalSection(SolutionConfigurationPlatforms) = preSolution
		Debug|Any CPU = Debug|Any CPU
		Release|Any CPU = Release|Any CPU
	EndGlobalSection
	GlobalSection(ProjectConfigurationPlatforms) = postSolution
		{BD2E7398-FC81-4028-B7DD-3B674823B86C}.Debug|Any CPU.ActiveCfg = Debug|Any CPU
		{BD2E7398-FC81-4028-B7DD-3B674823B86C}.Debug|Any CPU.Build.0 = Debug|Any CPU
		{BD2E7398-FC81-4028-B7DD-3B674823B86C}.Release|Any CPU.ActiveCfg = Release|Any CPU
		{BD2E7398-FC81-4028-B7DD-3B674823B86C}.Release|Any CPU.Build.0 = Release|Any CPU
		{22261577-7806-490C-B35A-C1547D25433D}.Debug|Any CPU.ActiveCfg = Debug|Any CPU
		{22261577-7806-490C-B35A-C1547D25433D}.Debug|Any CPU.Build.0 = Debug|Any CPU
		{22261577-7806-490C-B35A-C1547D25433D}.Release|Any CPU.ActiveCfg = Release|Any CPU
		{22261577-7806-490C-B35A-C1547D25433D}.Release|Any CPU.Build.0 = Release|Any CPU
		{55085A73-8B6E-45C2-AFC6-7A147BFF17E7}.Debug|Any CPU.ActiveCfg = Debug|Any CPU
		{55085A73-8B6E-45C2-AFC6-7A147BFF17E7}.Debug|Any CPU.Build.0 = Debug|Any CPU
		{55085A73-8B6E-45C2-AFC6-7A147BFF17E7}.Release|Any CPU.ActiveCfg = Release|Any CPU
		{55085A73-8B6E-45C2-AFC6-7A147BFF17E7}.Release|Any CPU.Build.0 = Release|Any CPU
	EndGlobalSection
	GlobalSection(SolutionProperties) = preSolution
		HideSolutionNode = FALSE
	EndGlobalSection
	GlobalSection(ExtensibilityGlobals) = postSolution
		SolutionGuid = {A67D2403-C15C-4BA3-848C-6430C8D830B5}
	EndGlobalSection
EndGlobal
